
Microsoft Visual Studio Solution File, Format Version 12.00
# Visual Studio Version 16
VisualStudioVersion = 16.0.31019.35
MinimumVisualStudioVersion = 10.0.40219.1
Project("{FAE04EC0-301F-11D3-BF4B-00C04F79EFBC}") = "3 de marzo", "3 de marzo.csproj", "{5FE5F5B6-CD63-457F-AB2C-FC6AA5DA2F1E}"
EndProject
Global
	GlobalSection(SolutionConfigurationPlatforms) = preSolution
		Debug|Any CPU = Debug|Any CPU
		Release|Any CPU = Release|Any CPU
	EndGlobalSection
	GlobalSection(ProjectConfigurationPlatforms) = postSolution
		{5FE5F5B6-CD63-457F-AB2C-FC6AA5DA2F1E}.Debug|Any CPU.ActiveCfg = Debug|Any CPU
		{5FE5F5B6-CD63-457F-AB2C-FC6AA5DA2F1E}.Debug|Any CPU.Build.0 = Debug|Any CPU
		{5FE5F5B6-CD63-457F-AB2C-FC6AA5DA2F1E}.Release|Any CPU.ActiveCfg = Release|Any CPU
		{5FE5F5B6-CD63-457F-AB2C-FC6AA5DA2F1E}.Release|Any CPU.Build.0 = Release|Any CPU
	EndGlobalSection
	GlobalSection(SolutionProperties) = preSolution
		HideSolutionNode = FALSE
	EndGlobalSection
	GlobalSection(ExtensibilityGlobals) = postSolution
		SolutionGuid = {CD075F79-8BB0-4BD3-89A9-C9F5E8AE8EB6}
	EndGlobalSection
EndGlobal
